// !$*UTF8*$!
{
	archiveVersion = 1;
	classes = {
	};
	objectVersion = 51;
	objects = {

/* Begin PBXBuildFile section */
		12EF98249C5CEA07647A0955 /* libPods-gold.a in Frameworks */ = {isa = PBXBuildFile; fileRef = 4E39B81B942106CC451939FB /* libPods-gold.a */; };
		5D23B70771D8061216A76411 /* libPods-goldTests.a in Frameworks */ = {isa = PBXBuildFile; fileRef = E445A44CB18006D1DE8804F0 /* libPods-goldTests.a */; };
		8410D3A022E2FB7F00E2D737 /* AppDelegate.swift in Sources */ = {isa = PBXBuildFile; fileRef = 8410D39F22E2FB7F00E2D737 /* AppDelegate.swift */; };
		8410D3A222E2FB7F00E2D737 /* ViewController.swift in Sources */ = {isa = PBXBuildFile; fileRef = 8410D3A122E2FB7F00E2D737 /* ViewController.swift */; };
		8410D3A522E2FB7F00E2D737 /* Main.storyboard in Resources */ = {isa = PBXBuildFile; fileRef = 8410D3A322E2FB7F00E2D737 /* Main.storyboard */; };
		8410D3A722E2FB7F00E2D737 /* Assets.xcassets in Resources */ = {isa = PBXBuildFile; fileRef = 8410D3A622E2FB7F00E2D737 /* Assets.xcassets */; };
		8410D3AA22E2FB7F00E2D737 /* LaunchScreen.storyboard in Resources */ = {isa = PBXBuildFile; fileRef = 8410D3A822E2FB7F00E2D737 /* LaunchScreen.storyboard */; };
		8410D3B522E2FB8000E2D737 /* goldTests.swift in Sources */ = {isa = PBXBuildFile; fileRef = 8410D3B422E2FB8000E2D737 /* goldTests.swift */; };
		8410D3C022E2FB8000E2D737 /* goldUITests.swift in Sources */ = {isa = PBXBuildFile; fileRef = 8410D3BF22E2FB8000E2D737 /* goldUITests.swift */; };
		8410D3CE22E2FBA800E2D737 /* GoogleService-Info.plist in Resources */ = {isa = PBXBuildFile; fileRef = 8410D3CD22E2FBA800E2D737 /* GoogleService-Info.plist */; };
		845E1ED422E6FD1400E4C30F /* priceGoldViewController.swift in Sources */ = {isa = PBXBuildFile; fileRef = 845E1ED322E6FD1400E4C30F /* priceGoldViewController.swift */; };
		B8B5DDC0B5A73E719F0B80B8 /* libPods-goldUITests.a in Frameworks */ = {isa = PBXBuildFile; fileRef = 2BA2BAE488C118A70F93922D /* libPods-goldUITests.a */; };
/* End PBXBuildFile section */

/* Begin PBXContainerItemProxy section */
		8410D3B122E2FB8000E2D737 /* PBXContainerItemProxy */ = {
			isa = PBXContainerItemProxy;
			containerPortal = 8410D39422E2FB7F00E2D737 /* Project object */;
			proxyType = 1;
			remoteGlobalIDString = 8410D39B22E2FB7F00E2D737;
			remoteInfo = gold;
		};
		8410D3BC22E2FB8000E2D737 /* PBXContainerItemProxy */ = {
			isa = PBXContainerItemProxy;
			containerPortal = 8410D39422E2FB7F00E2D737 /* Project object */;
			proxyType = 1;
			remoteGlobalIDString = 8410D39B22E2FB7F00E2D737;
			remoteInfo = gold;
		};
/* End PBXContainerItemProxy section */

/* Begin PBXFileReference section */
		0CF571069D6F8ED4FD5BB7AA /* Pods-gold.debug.xcconfig */ = {isa = PBXFileReference; includeInIndex = 1; lastKnownFileType = text.xcconfig; name = "Pods-gold.debug.xcconfig"; path = "Target Support Files/Pods-gold/Pods-gold.debug.xcconfig"; sourceTree = "<group>"; };
		29BBFFB61BF7913313461CDD /* Pods-goldUITests.debug.xcconfig */ = {isa = PBXFileReference; includeInIndex = 1; lastKnownFileType = text.xcconfig; name = "Pods-goldUITests.debug.xcconfig"; path = "Target Support Files/Pods-goldUITests/Pods-goldUITests.debug.xcconfig"; sourceTree = "<group>"; };
		2BA2BAE488C118A70F93922D /* libPods-goldUITests.a */ = {isa = PBXFileReference; explicitFileType = archive.ar; includeInIndex = 0; path = "libPods-goldUITests.a"; sourceTree = BUILT_PRODUCTS_DIR; };
		4E39B81B942106CC451939FB /* libPods-gold.a */ = {isa = PBXFileReference; explicitFileType = archive.ar; includeInIndex = 0; path = "libPods-gold.a"; sourceTree = BUILT_PRODUCTS_DIR; };
		745FA2F74E4CBAEEEE7BC9C4 /* Pods-gold.release.xcconfig */ = {isa = PBXFileReference; includeInIndex = 1; lastKnownFileType = text.xcconfig; name = "Pods-gold.release.xcconfig"; path = "Target Support Files/Pods-gold/Pods-gold.release.xcconfig"; sourceTree = "<group>"; };
		8410D39C22E2FB7F00E2D737 /* gold.app */ = {isa = PBXFileReference; explicitFileType = wrapper.application; includeInIndex = 0; path = gold.app; sourceTree = BUILT_PRODUCTS_DIR; };
		8410D39F22E2FB7F00E2D737 /* AppDelegate.swift */ = {isa = PBXFileReference; lastKnownFileType = sourcecode.swift; path = AppDelegate.swift; sourceTree = "<group>"; };
		8410D3A122E2FB7F00E2D737 /* ViewController.swift */ = {isa = PBXFileReference; lastKnownFileType = sourcecode.swift; path = ViewController.swift; sourceTree = "<group>"; };
		8410D3A422E2FB7F00E2D737 /* Base */ = {isa = PBXFileReference; lastKnownFileType = file.storyboard; name = Base; path = Base.lproj/Main.storyboard; sourceTree = "<group>"; };
		8410D3A622E2FB7F00E2D737 /* Assets.xcassets */ = {isa = PBXFileReference; lastKnownFileType = folder.assetcatalog; path = Assets.xcassets; sourceTree = "<group>"; };
		8410D3A922E2FB7F00E2D737 /* Base */ = {isa = PBXFileReference; lastKnownFileType = file.storyboard; name = Base; path = Base.lproj/LaunchScreen.storyboard; sourceTree = "<group>"; };
		8410D3AB22E2FB7F00E2D737 /* Info.plist */ = {isa = PBXFileReference; lastKnownFileType = text.plist.xml; path = Info.plist; sourceTree = "<group>"; };
		8410D3B022E2FB8000E2D737 /* goldTests.xctest */ = {isa = PBXFileReference; explicitFileType = wrapper.cfbundle; includeInIndex = 0; path = goldTests.xctest; sourceTree = BUILT_PRODUCTS_DIR; };
		8410D3B422E2FB8000E2D737 /* goldTests.swift */ = {isa = PBXFileReference; lastKnownFileType = sourcecode.swift; path = goldTests.swift; sourceTree = "<group>"; };
		8410D3B622E2FB8000E2D737 /* Info.plist */ = {isa = PBXFileReference; lastKnownFileType = text.plist.xml; path = Info.plist; sourceTree = "<group>"; };
		8410D3BB22E2FB8000E2D737 /* goldUITests.xctest */ = {isa = PBXFileReference; explicitFileType = wrapper.cfbundle; includeInIndex = 0; path = goldUITests.xctest; sourceTree = BUILT_PRODUCTS_DIR; };
		8410D3BF22E2FB8000E2D737 /* goldUITests.swift */ = {isa = PBXFileReference; lastKnownFileType = sourcecode.swift; path = goldUITests.swift; sourceTree = "<group>"; };
		8410D3C122E2FB8000E2D737 /* Info.plist */ = {isa = PBXFileReference; lastKnownFileType = text.plist.xml; path = Info.plist; sourceTree = "<group>"; };
		8410D3CD22E2FBA800E2D737 /* GoogleService-Info.plist */ = {isa = PBXFileReference; fileEncoding = 4; lastKnownFileType = text.plist.xml; path = "GoogleService-Info.plist"; sourceTree = "<group>"; };
		845E1ED322E6FD1400E4C30F /* priceGoldViewController.swift */ = {isa = PBXFileReference; lastKnownFileType = sourcecode.swift; path = priceGoldViewController.swift; sourceTree = "<group>"; };
		A8F49A03976FB756D1DC10BA /* Pods-goldUITests.release.xcconfig */ = {isa = PBXFileReference; includeInIndex = 1; lastKnownFileType = text.xcconfig; name = "Pods-goldUITests.release.xcconfig"; path = "Target Support Files/Pods-goldUITests/Pods-goldUITests.release.xcconfig"; sourceTree = "<group>"; };
		BD877992FC19C76CCE54140F /* Pods-goldTests.release.xcconfig */ = {isa = PBXFileReference; includeInIndex = 1; lastKnownFileType = text.xcconfig; name = "Pods-goldTests.release.xcconfig"; path = "Target Support Files/Pods-goldTests/Pods-goldTests.release.xcconfig"; sourceTree = "<group>"; };
		E04490B01DC37BC260D8A3CB /* Pods-goldTests.debug.xcconfig */ = {isa = PBXFileReference; includeInIndex = 1; lastKnownFileType = text.xcconfig; name = "Pods-goldTests.debug.xcconfig"; path = "Target Support Files/Pods-goldTests/Pods-goldTests.debug.xcconfig"; sourceTree = "<group>"; };
		E445A44CB18006D1DE8804F0 /* libPods-goldTests.a */ = {isa = PBXFileReference; explicitFileType = archive.ar; includeInIndex = 0; path = "libPods-goldTests.a"; sourceTree = BUILT_PRODUCTS_DIR; };
/* End PBXFileReference section */

/* Begin PBXFrameworksBuildPhase section */
		8410D39922E2FB7F00E2D737 /* Frameworks */ = {
			isa = PBXFrameworksBuildPhase;
			buildActionMask = 2147483647;
			files = (
				12EF98249C5CEA07647A0955 /* libPods-gold.a in Frameworks */,
			);
			runOnlyForDeploymentPostprocessing = 0;
		};
		8410D3AD22E2FB8000E2D737 /* Frameworks */ = {
			isa = PBXFrameworksBuildPhase;
			buildActionMask = 2147483647;
			files = (
				5D23B70771D8061216A76411 /* libPods-goldTests.a in Frameworks */,
			);
			runOnlyForDeploymentPostprocessing = 0;
		};
		8410D3B822E2FB8000E2D737 /* Frameworks */ = {
			isa = PBXFrameworksBuildPhase;
			buildActionMask = 2147483647;
			files = (
				B8B5DDC0B5A73E719F0B80B8 /* libPods-goldUITests.a in Frameworks */,
			);
			runOnlyForDeploymentPostprocessing = 0;
		};
/* End PBXFrameworksBuildPhase section */

/* Begin PBXGroup section */
		8410D39322E2FB7F00E2D737 = {
			isa = PBXGroup;
			children = (
				8410D39E22E2FB7F00E2D737 /* gold */,
				8410D3B322E2FB8000E2D737 /* goldTests */,
				8410D3BE22E2FB8000E2D737 /* goldUITests */,
				8410D39D22E2FB7F00E2D737 /* Products */,
				94CB0166A82A0F7672EF9485 /* Pods */,
				E6090964FFFAEA45E481B4B8 /* Frameworks */,
			);
			sourceTree = "<group>";
		};
		8410D39D22E2FB7F00E2D737 /* Products */ = {
			isa = PBXGroup;
			children = (
				8410D39C22E2FB7F00E2D737 /* gold.app */,
				8410D3B022E2FB8000E2D737 /* goldTests.xctest */,
				8410D3BB22E2FB8000E2D737 /* goldUITests.xctest */,
			);
			name = Products;
			sourceTree = "<group>";
		};
		8410D39E22E2FB7F00E2D737 /* gold */ = {
			isa = PBXGroup;
			children = (
				8410D39F22E2FB7F00E2D737 /* AppDelegate.swift */,
				8410D3A122E2FB7F00E2D737 /* ViewController.swift */,
				845E1ED322E6FD1400E4C30F /* priceGoldViewController.swift */,
				8410D3A322E2FB7F00E2D737 /* Main.storyboard */,
				8410D3A622E2FB7F00E2D737 /* Assets.xcassets */,
				8410D3A822E2FB7F00E2D737 /* LaunchScreen.storyboard */,
				8410D3CD22E2FBA800E2D737 /* GoogleService-Info.plist */,
				8410D3AB22E2FB7F00E2D737 /* Info.plist */,
			);
			path = gold;
			sourceTree = "<group>";
		};
		8410D3B322E2FB8000E2D737 /* goldTests */ = {
			isa = PBXGroup;
			children = (
				8410D3B422E2FB8000E2D737 /* goldTests.swift */,
				8410D3B622E2FB8000E2D737 /* Info.plist */,
			);
			path = goldTests;
			sourceTree = "<group>";
		};
		8410D3BE22E2FB8000E2D737 /* goldUITests */ = {
			isa = PBXGroup;
			children = (
				8410D3BF22E2FB8000E2D737 /* goldUITests.swift */,
				8410D3C122E2FB8000E2D737 /* Info.plist */,
			);
			path = goldUITests;
			sourceTree = "<group>";
		};
		94CB0166A82A0F7672EF9485 /* Pods */ = {
			isa = PBXGroup;
			children = (
				0CF571069D6F8ED4FD5BB7AA /* Pods-gold.debug.xcconfig */,
				745FA2F74E4CBAEEEE7BC9C4 /* Pods-gold.release.xcconfig */,
				E04490B01DC37BC260D8A3CB /* Pods-goldTests.debug.xcconfig */,
				BD877992FC19C76CCE54140F /* Pods-goldTests.release.xcconfig */,
				29BBFFB61BF7913313461CDD /* Pods-goldUITests.debug.xcconfig */,
				A8F49A03976FB756D1DC10BA /* Pods-goldUITests.release.xcconfig */,
			);
			path = Pods;
			sourceTree = "<group>";
		};
		E6090964FFFAEA45E481B4B8 /* Frameworks */ = {
			isa = PBXGroup;
			children = (
				4E39B81B942106CC451939FB /* libPods-gold.a */,
				E445A44CB18006D1DE8804F0 /* libPods-goldTests.a */,
				2BA2BAE488C118A70F93922D /* libPods-goldUITests.a */,
			);
			name = Frameworks;
			sourceTree = "<group>";
		};
/* End PBXGroup section */

/* Begin PBXNativeTarget section */
		8410D39B22E2FB7F00E2D737 /* gold */ = {
			isa = PBXNativeTarget;
			buildConfigurationList = 8410D3C422E2FB8000E2D737 /* Build configuration list for PBXNativeTarget "gold" */;
			buildPhases = (
				ADB190D9B80BB046D4B3001F /* [CP] Check Pods Manifest.lock */,
				8410D39822E2FB7F00E2D737 /* Sources */,
				8410D39922E2FB7F00E2D737 /* Frameworks */,
				8410D39A22E2FB7F00E2D737 /* Resources */,
				B5C44EE81E57AE1101A4AE43 /* [CP] Copy Pods Resources */,
			);
			buildRules = (
			);
			dependencies = (
			);
			name = gold;
			productName = gold;
			productReference = 8410D39C22E2FB7F00E2D737 /* gold.app */;
			productType = "com.apple.product-type.application";
		};
		8410D3AF22E2FB8000E2D737 /* goldTests */ = {
			isa = PBXNativeTarget;
			buildConfigurationList = 8410D3C722E2FB8000E2D737 /* Build configuration list for PBXNativeTarget "goldTests" */;
			buildPhases = (
				FC76E6C70778E4EA912051C5 /* [CP] Check Pods Manifest.lock */,
				8410D3AC22E2FB8000E2D737 /* Sources */,
				8410D3AD22E2FB8000E2D737 /* Frameworks */,
				8410D3AE22E2FB8000E2D737 /* Resources */,
			);
			buildRules = (
			);
			dependencies = (
				8410D3B222E2FB8000E2D737 /* PBXTargetDependency */,
			);
			name = goldTests;
			productName = goldTests;
			productReference = 8410D3B022E2FB8000E2D737 /* goldTests.xctest */;
			productType = "com.apple.product-type.bundle.unit-test";
		};
		8410D3BA22E2FB8000E2D737 /* goldUITests */ = {
			isa = PBXNativeTarget;
			buildConfigurationList = 8410D3CA22E2FB8000E2D737 /* Build configuration list for PBXNativeTarget "goldUITests" */;
			buildPhases = (
				1A68089FCD03FC045D293610 /* [CP] Check Pods Manifest.lock */,
				8410D3B722E2FB8000E2D737 /* Sources */,
				8410D3B822E2FB8000E2D737 /* Frameworks */,
				8410D3B922E2FB8000E2D737 /* Resources */,
			);
			buildRules = (
			);
			dependencies = (
				8410D3BD22E2FB8000E2D737 /* PBXTargetDependency */,
			);
			name = goldUITests;
			productName = goldUITests;
			productReference = 8410D3BB22E2FB8000E2D737 /* goldUITests.xctest */;
			productType = "com.apple.product-type.bundle.ui-testing";
		};
/* End PBXNativeTarget section */

/* Begin PBXProject section */
		8410D39422E2FB7F00E2D737 /* Project object */ = {
			isa = PBXProject;
			attributes = {
				LastSwiftUpdateCheck = 1020;
				LastUpgradeCheck = 1020;
				ORGANIZATIONNAME = Kate;
				TargetAttributes = {
					8410D39B22E2FB7F00E2D737 = {
						CreatedOnToolsVersion = 10.2.1;
					};
					8410D3AF22E2FB8000E2D737 = {
						CreatedOnToolsVersion = 10.2.1;
						TestTargetID = 8410D39B22E2FB7F00E2D737;
					};
					8410D3BA22E2FB8000E2D737 = {
						CreatedOnToolsVersion = 10.2.1;
						TestTargetID = 8410D39B22E2FB7F00E2D737;
					};
				};
			};
			buildConfigurationList = 8410D39722E2FB7F00E2D737 /* Build configuration list for PBXProject "gold" */;
			compatibilityVersion = "Xcode 9.3";
			developmentRegion = en;
			hasScannedForEncodings = 0;
			knownRegions = (
				en,
				Base,
			);
			mainGroup = 8410D39322E2FB7F00E2D737;
			productRefGroup = 8410D39D22E2FB7F00E2D737 /* Products */;
			projectDirPath = "";
			projectRoot = "";
			targets = (
				8410D39B22E2FB7F00E2D737 /* gold */,
				8410D3AF22E2FB8000E2D737 /* goldTests */,
				8410D3BA22E2FB8000E2D737 /* goldUITests */,
			);
		};
/* End PBXProject section */

/* Begin PBXResourcesBuildPhase section */
		8410D39A22E2FB7F00E2D737 /* Resources */ = {
			isa = PBXResourcesBuildPhase;
			buildActionMask = 2147483647;
			files = (
				8410D3AA22E2FB7F00E2D737 /* LaunchScreen.storyboard in Resources */,
				8410D3CE22E2FBA800E2D737 /* GoogleService-Info.plist in Resources */,
				8410D3A722E2FB7F00E2D737 /* Assets.xcassets in Resources */,
				8410D3A522E2FB7F00E2D737 /* Main.storyboard in Resources */,
			);
			runOnlyForDeploymentPostprocessing = 0;
		};
		8410D3AE22E2FB8000E2D737 /* Resources */ = {
			isa = PBXResourcesBuildPhase;
			buildActionMask = 2147483647;
			files = (
			);
			runOnlyForDeploymentPostprocessing = 0;
		};
		8410D3B922E2FB8000E2D737 /* Resources */ = {
			isa = PBXResourcesBuildPhase;
			buildActionMask = 2147483647;
			files = (
			);
			runOnlyForDeploymentPostprocessing = 0;
		};
/* End PBXResourcesBuildPhase section */

/* Begin PBXShellScriptBuildPhase section */
		1A68089FCD03FC045D293610 /* [CP] Check Pods Manifest.lock */ = {
			isa = PBXShellScriptBuildPhase;
			buildActionMask = 2147483647;
			files = (
			);
			inputFileListPaths = (
			);
			inputPaths = (
				"${PODS_PODFILE_DIR_PATH}/Podfile.lock",
				"${PODS_ROOT}/Manifest.lock",
			);
			name = "[CP] Check Pods Manifest.lock";
			outputFileListPaths = (
			);
			outputPaths = (
				"$(DERIVED_FILE_DIR)/Pods-goldUITests-checkManifestLockResult.txt",
			);
			runOnlyForDeploymentPostprocessing = 0;
			shellPath = /bin/sh;
			shellScript = "diff \"${PODS_PODFILE_DIR_PATH}/Podfile.lock\" \"${PODS_ROOT}/Manifest.lock\" > /dev/null\nif [ $? != 0 ] ; then\n    # print error to STDERR\n    echo \"error: The sandbox is not in sync with the Podfile.lock. Run 'pod install' or update your CocoaPods installation.\" >&2\n    exit 1\nfi\n# This output is used by Xcode 'outputs' to avoid re-running this script phase.\necho \"SUCCESS\" > \"${SCRIPT_OUTPUT_FILE_0}\"\n";
			showEnvVarsInLog = 0;
		};
		ADB190D9B80BB046D4B3001F /* [CP] Check Pods Manifest.lock */ = {
			isa = PBXShellScriptBuildPhase;
			buildActionMask = 2147483647;
			files = (
			);
			inputFileListPaths = (
			);
			inputPaths = (
				"${PODS_PODFILE_DIR_PATH}/Podfile.lock",
				"${PODS_ROOT}/Manifest.lock",
			);
			name = "[CP] Check Pods Manifest.lock";
			outputFileListPaths = (
			);
			outputPaths = (
				"$(DERIVED_FILE_DIR)/Pods-gold-checkManifestLockResult.txt",
			);
			runOnlyForDeploymentPostprocessing = 0;
			shellPath = /bin/sh;
			shellScript = "diff \"${PODS_PODFILE_DIR_PATH}/Podfile.lock\" \"${PODS_ROOT}/Manifest.lock\" > /dev/null\nif [ $? != 0 ] ; then\n    # print error to STDERR\n    echo \"error: The sandbox is not in sync with the Podfile.lock. Run 'pod install' or update your CocoaPods installation.\" >&2\n    exit 1\nfi\n# This output is used by Xcode 'outputs' to avoid re-running this script phase.\necho \"SUCCESS\" > \"${SCRIPT_OUTPUT_FILE_0}\"\n";
			showEnvVarsInLog = 0;
		};
		B5C44EE81E57AE1101A4AE43 /* [CP] Copy Pods Resources */ = {
			isa = PBXShellScriptBuildPhase;
			buildActionMask = 2147483647;
			files = (
			);
			inputFileListPaths = (
				"${PODS_ROOT}/Target Support Files/Pods-gold/Pods-gold-resources-${CONFIGURATION}-input-files.xcfilelist",
			);
			name = "[CP] Copy Pods Resources";
			outputFileListPaths = (
				"${PODS_ROOT}/Target Support Files/Pods-gold/Pods-gold-resources-${CONFIGURATION}-output-files.xcfilelist",
			);
			runOnlyForDeploymentPostprocessing = 0;
			shellPath = /bin/sh;
			shellScript = "\"${PODS_ROOT}/Target Support Files/Pods-gold/Pods-gold-resources.sh\"\n";
			showEnvVarsInLog = 0;
		};
		FC76E6C70778E4EA912051C5 /* [CP] Check Pods Manifest.lock */ = {
			isa = PBXShellScriptBuildPhase;
			buildActionMask = 2147483647;
			files = (
			);
			inputFileListPaths = (
			);
			inputPaths = (
				"${PODS_PODFILE_DIR_PATH}/Podfile.lock",
				"${PODS_ROOT}/Manifest.lock",
			);
			name = "[CP] Check Pods Manifest.lock";
			outputFileListPaths = (
			);
			outputPaths = (
				"$(DERIVED_FILE_DIR)/Pods-goldTests-checkManifestLockResult.txt",
			);
			runOnlyForDeploymentPostprocessing = 0;
			shellPath = /bin/sh;
			shellScript = "diff \"${PODS_PODFILE_DIR_PATH}/Podfile.lock\" \"${PODS_ROOT}/Manifest.lock\" > /dev/null\nif [ $? != 0 ] ; then\n    # print error to STDERR\n    echo \"error: The sandbox is not in sync with the Podfile.lock. Run 'pod install' or update your CocoaPods installation.\" >&2\n    exit 1\nfi\n# This output is used by Xcode 'outputs' to avoid re-running this script phase.\necho \"SUCCESS\" > \"${SCRIPT_OUTPUT_FILE_0}\"\n";
			showEnvVarsInLog = 0;
		};
/* End PBXShellScriptBuildPhase section */

/* Begin PBXSourcesBuildPhase section */
		8410D39822E2FB7F00E2D737 /* Sources */ = {
			isa = PBXSourcesBuildPhase;
			buildActionMask = 2147483647;
			files = (
				845E1ED422E6FD1400E4C30F /* priceGoldViewController.swift in Sources */,
				8410D3A222E2FB7F00E2D737 /* ViewController.swift in Sources */,
				8410D3A022E2FB7F00E2D737 /* AppDelegate.swift in Sources */,
			);
			runOnlyForDeploymentPostprocessing = 0;
		};
		8410D3AC22E2FB8000E2D737 /* Sources */ = {
			isa = PBXSourcesBuildPhase;
			buildActionMask = 2147483647;
			files = (
				8410D3B522E2FB8000E2D737 /* goldTests.swift in Sources */,
			);
			runOnlyForDeploymentPostprocessing = 0;
		};
		8410D3B722E2FB8000E2D737 /* Sources */ = {
			isa = PBXSourcesBuildPhase;
			buildActionMask = 2147483647;
			files = (
				8410D3C022E2FB8000E2D737 /* goldUITests.swift in Sources */,
			);
			runOnlyForDeploymentPostprocessing = 0;
		};
/* End PBXSourcesBuildPhase section */

/* Begin PBXTargetDependency section */
		8410D3B222E2FB8000E2D737 /* PBXTargetDependency */ = {
			isa = PBXTargetDependency;
			target = 8410D39B22E2FB7F00E2D737 /* gold */;
			targetProxy = 8410D3B122E2FB8000E2D737 /* PBXContainerItemProxy */;
		};
		8410D3BD22E2FB8000E2D737 /* PBXTargetDependency */ = {
			isa = PBXTargetDependency;
			target = 8410D39B22E2FB7F00E2D737 /* gold */;
			targetProxy = 8410D3BC22E2FB8000E2D737 /* PBXContainerItemProxy */;
		};
/* End PBXTargetDependency section */

/* Begin PBXVariantGroup section */
		8410D3A322E2FB7F00E2D737 /* Main.storyboard */ = {
			isa = PBXVariantGroup;
			children = (
				8410D3A422E2FB7F00E2D737 /* Base */,
			);
			name = Main.storyboard;
			sourceTree = "<group>";
		};
		8410D3A822E2FB7F00E2D737 /* LaunchScreen.storyboard */ = {
			isa = PBXVariantGroup;
			children = (
				8410D3A922E2FB7F00E2D737 /* Base */,
			);
			name = LaunchScreen.storyboard;
			sourceTree = "<group>";
		};
/* End PBXVariantGroup section */

/* Begin XCBuildConfiguration section */
		8410D3C222E2FB8000E2D737 /* Debug */ = {
			isa = XCBuildConfiguration;
			buildSettings = {
				ALWAYS_SEARCH_USER_PATHS = NO;
				CLANG_ANALYZER_NONNULL = YES;
				CLANG_ANALYZER_NUMBER_OBJECT_CONVERSION = YES_AGGRESSIVE;
				CLANG_CXX_LANGUAGE_STANDARD = "gnu++14";
				CLANG_CXX_LIBRARY = "libc++";
				CLANG_ENABLE_MODULES = YES;
				CLANG_ENABLE_OBJC_ARC = YES;
				CLANG_ENABLE_OBJC_WEAK = YES;
				CLANG_WARN_BLOCK_CAPTURE_AUTORELEASING = YES;
				CLANG_WARN_BOOL_CONVERSION = YES;
				CLANG_WARN_COMMA = YES;
				CLANG_WARN_CONSTANT_CONVERSION = YES;
				CLANG_WARN_DEPRECATED_OBJC_IMPLEMENTATIONS = YES;
				CLANG_WARN_DIRECT_OBJC_ISA_USAGE = YES_ERROR;
				CLANG_WARN_DOCUMENTATION_COMMENTS = YES;
				CLANG_WARN_EMPTY_BODY = YES;
				CLANG_WARN_ENUM_CONVERSION = YES;
				CLANG_WARN_INFINITE_RECURSION = YES;
				CLANG_WARN_INT_CONVERSION = YES;
				CLANG_WARN_NON_LITERAL_NULL_CONVERSION = YES;
				CLANG_WARN_OBJC_IMPLICIT_RETAIN_SELF = YES;
				CLANG_WARN_OBJC_LITERAL_CONVERSION = YES;
				CLANG_WARN_OBJC_ROOT_CLASS = YES_ERROR;
				CLANG_WARN_RANGE_LOOP_ANALYSIS = YES;
				CLANG_WARN_STRICT_PROTOTYPES = YES;
				CLANG_WARN_SUSPICIOUS_MOVE = YES;
				CLANG_WARN_UNGUARDED_AVAILABILITY = YES_AGGRESSIVE;
				CLANG_WARN_UNREACHABLE_CODE = YES;
				CLANG_WARN__DUPLICATE_METHOD_MATCH = YES;
				CODE_SIGN_IDENTITY = "iPhone Developer";
				COPY_PHASE_STRIP = NO;
				DEBUG_INFORMATION_FORMAT = dwarf;
				ENABLE_STRICT_OBJC_MSGSEND = YES;
				ENABLE_TESTABILITY = YES;
				GCC_C_LANGUAGE_STANDARD = gnu11;
				GCC_DYNAMIC_NO_PIC = NO;
				GCC_NO_COMMON_BLOCKS = YES;
				GCC_OPTIMIZATION_LEVEL = 0;
				GCC_PREPROCESSOR_DEFINITIONS = (
					"DEBUG=1",
					"$(inherited)",
				);
				GCC_WARN_64_TO_32_BIT_CONVERSION = YES;
				GCC_WARN_ABOUT_RETURN_TYPE = YES_ERROR;
				GCC_WARN_UNDECLARED_SELECTOR = YES;
				GCC_WARN_UNINITIALIZED_AUTOS = YES_AGGRESSIVE;
				GCC_WARN_UNUSED_FUNCTION = YES;
				GCC_WARN_UNUSED_VARIABLE = YES;
				IPHONEOS_DEPLOYMENT_TARGET = 12.2;
				MTL_ENABLE_DEBUG_INFO = INCLUDE_SOURCE;
				MTL_FAST_MATH = YES;
				ONLY_ACTIVE_ARCH = YES;
				SDKROOT = iphoneos;
				SWIFT_ACTIVE_COMPILATION_CONDITIONS = DEBUG;
				SWIFT_OPTIMIZATION_LEVEL = "-Onone";
			};
			name = Debug;
		};
		8410D3C322E2FB8000E2D737 /* Release */ = {
			isa = XCBuildConfiguration;
			buildSettings = {
				ALWAYS_SEARCH_USER_PATHS = NO;
				CLANG_ANALYZER_NONNULL = YES;
				CLANG_ANALYZER_NUMBER_OBJECT_CONVERSION = YES_AGGRESSIVE;
				CLANG_CXX_LANGUAGE_STANDARD = "gnu++14";
				CLANG_CXX_LIBRARY = "libc++";
				CLANG_ENABLE_MODULES = YES;
				CLANG_ENABLE_OBJC_ARC = YES;
				CLANG_ENABLE_OBJC_WEAK = YES;
				CLANG_WARN_BLOCK_CAPTURE_AUTORELEASING = YES;
				CLANG_WARN_BOOL_CONVERSION = YES;
				CLANG_WARN_COMMA = YES;
				CLANG_WARN_CONSTANT_CONVERSION = YES;
				CLANG_WARN_DEPRECATED_OBJC_IMPLEMENTATIONS = YES;
				CLANG_WARN_DIRECT_OBJC_ISA_USAGE = YES_ERROR;
				CLANG_WARN_DOCUMENTATION_COMMENTS = YES;
				CLANG_WARN_EMPTY_BODY = YES;
				CLANG_WARN_ENUM_CONVERSION = YES;
				CLANG_WARN_INFINITE_RECURSION = YES;
				CLANG_WARN_INT_CONVERSION = YES;
				CLANG_WARN_NON_LITERAL_NULL_CONVERSION = YES;
				CLANG_WARN_OBJC_IMPLICIT_RETAIN_SELF = YES;
				CLANG_WARN_OBJC_LITERAL_CONVERSION = YES;
				CLANG_WARN_OBJC_ROOT_CLASS = YES_ERROR;
				CLANG_WARN_RANGE_LOOP_ANALYSIS = YES;
				CLANG_WARN_STRICT_PROTOTYPES = YES;
				CLANG_WARN_SUSPICIOUS_MOVE = YES;
				CLANG_WARN_UNGUARDED_AVAILABILITY = YES_AGGRESSIVE;
				CLANG_WARN_UNREACHABLE_CODE = YES;
				CLANG_WARN__DUPLICATE_METHOD_MATCH = YES;
				CODE_SIGN_IDENTITY = "iPhone Developer";
				COPY_PHASE_STRIP = NO;
				DEBUG_INFORMATION_FORMAT = "dwarf-with-dsym";
				ENABLE_NS_ASSERTIONS = NO;
				ENABLE_STRICT_OBJC_MSGSEND = YES;
				GCC_C_LANGUAGE_STANDARD = gnu11;
				GCC_NO_COMMON_BLOCKS = YES;
				GCC_WARN_64_TO_32_BIT_CONVERSION = YES;
				GCC_WARN_ABOUT_RETURN_TYPE = YES_ERROR;
				GCC_WARN_UNDECLARED_SELECTOR = YES;
				GCC_WARN_UNINITIALIZED_AUTOS = YES_AGGRESSIVE;
				GCC_WARN_UNUSED_FUNCTION = YES;
				GCC_WARN_UNUSED_VARIABLE = YES;
				IPHONEOS_DEPLOYMENT_TARGET = 12.2;
				MTL_ENABLE_DEBUG_INFO = NO;
				MTL_FAST_MATH = YES;
				SDKROOT = iphoneos;
				SWIFT_COMPILATION_MODE = wholemodule;
				SWIFT_OPTIMIZATION_LEVEL = "-O";
				VALIDATE_PRODUCT = YES;
			};
			name = Release;
		};
		8410D3C522E2FB8000E2D737 /* Debug */ = {
			isa = XCBuildConfiguration;
			baseConfigurationReference = 0CF571069D6F8ED4FD5BB7AA /* Pods-gold.debug.xcconfig */;
			buildSettings = {
				ASSETCATALOG_COMPILER_APPICON_NAME = AppIcon;
				CODE_SIGN_STYLE = Automatic;
				DEVELOPMENT_TEAM = X9D2QV94XM;
				INFOPLIST_FILE = gold/Info.plist;
				LD_RUNPATH_SEARCH_PATHS = (
					"$(inherited)",
					"@executable_path/Frameworks",
				);
				PRODUCT_BUNDLE_IDENTIFIER = Hello.gold;
				PRODUCT_NAME = "$(TARGET_NAME)";
				SWIFT_VERSION = 5.0;
				TARGETED_DEVICE_FAMILY = "1,2";
			};
			name = Debug;
		};
		8410D3C622E2FB8000E2D737 /* Release */ = {
			isa = XCBuildConfiguration;
			baseConfigurationReference = 745FA2F74E4CBAEEEE7BC9C4 /* Pods-gold.release.xcconfig */;
			buildSettings = {
				ASSETCATALOG_COMPILER_APPICON_NAME = AppIcon;
				CODE_SIGN_STYLE = Automatic;
				DEVELOPMENT_TEAM = X9D2QV94XM;
				INFOPLIST_FILE = gold/Info.plist;
				LD_RUNPATH_SEARCH_PATHS = (
					"$(inherited)",
					"@executable_path/Frameworks",
				);
				PRODUCT_BUNDLE_IDENTIFIER = Hello.gold;
				PRODUCT_NAME = "$(TARGET_NAME)";
				SWIFT_VERSION = 5.0;
				TARGETED_DEVICE_FAMILY = "1,2";
			};
			name = Release;
		};
		8410D3C822E2FB8000E2D737 /* Debug */ = {
			isa = XCBuildConfiguration;
			baseConfigurationReference = E04490B01DC37BC260D8A3CB /* Pods-goldTests.debug.xcconfig */;
			buildSettings = {
				ALWAYS_EMBED_SWIFT_STANDARD_LIBRARIES = YES;
				BUNDLE_LOADER = "$(TEST_HOST)";
				CODE_SIGN_STYLE = Automatic;
				DEVELOPMENT_TEAM = X9D2QV94XM;
				INFOPLIST_FILE = goldTests/Info.plist;
				LD_RUNPATH_SEARCH_PATHS = (
					"$(inherited)",
					"@executable_path/Frameworks",
					"@loader_path/Frameworks",
				);
				PRODUCT_BUNDLE_IDENTIFIER = Hello.goldTests;
				PRODUCT_NAME = "$(TARGET_NAME)";
				SWIFT_VERSION = 5.0;
				TARGETED_DEVICE_FAMILY = "1,2";
				TEST_HOST = "$(BUILT_PRODUCTS_DIR)/gold.app/gold";
			};
			name = Debug;
		};
		8410D3C922E2FB8000E2D737 /* Release */ = {
			isa = XCBuildConfiguration;
			baseConfigurationReference = BD877992FC19C76CCE54140F /* Pods-goldTests.release.xcconfig */;
			buildSettings = {
				ALWAYS_EMBED_SWIFT_STANDARD_LIBRARIES = YES;
				BUNDLE_LOADER = "$(TEST_HOST)";
				CODE_SIGN_STYLE = Automatic;
				DEVELOPMENT_TEAM = X9D2QV94XM;
				INFOPLIST_FILE = goldTests/Info.plist;
				LD_RUNPATH_SEARCH_PATHS = (
					"$(inherited)",
					"@executable_path/Frameworks",
					"@loader_path/Frameworks",
				);
				PRODUCT_BUNDLE_IDENTIFIER = Hello.goldTests;
				PRODUCT_NAME = "$(TARGET_NAME)";
				SWIFT_VERSION = 5.0;
				TARGETED_DEVICE_FAMILY = "1,2";
				TEST_HOST = "$(BUILT_PRODUCTS_DIR)/gold.app/gold";
			};
			name = Release;
		};
		8410D3CB22E2FB8000E2D737 /* Debug */ = {
			isa = XCBuildConfiguration;
			baseConfigurationReference = 29BBFFB61BF7913313461CDD /* Pods-goldUITests.debug.xcconfig */;
			buildSettings = {
				ALWAYS_EMBED_SWIFT_STANDARD_LIBRARIES = YES;
				CODE_SIGN_STYLE = Automatic;
				DEVELOPMENT_TEAM = X9D2QV94XM;
				INFOPLIST_FILE = goldUITests/Info.plist;
				LD_RUNPATH_SEARCH_PATHS = (
					"$(inherited)",
					"@executable_path/Frameworks",
					"@loader_path/Frameworks",
				);
				PRODUCT_BUNDLE_IDENTIFIER = Hello.goldUITests;
				PRODUCT_NAME = "$(TARGET_NAME)";
				SWIFT_VERSION = 5.0;
				TARGETED_DEVICE_FAMILY = "1,2";
				TEST_TARGET_NAME = gold;
			};
			name = Debug;
		};
		8410D3CC22E2FB8000E2D737 /* Release */ = {
			isa = XCBuildConfiguration;
			baseConfigurationReference = A8F49A03976FB756D1DC10BA /* Pods-goldUITests.release.xcconfig */;
			buildSettings = {
				ALWAYS_EMBED_SWIFT_STANDARD_LIBRARIES = YES;
				CODE_SIGN_STYLE = Automatic;
				DEVELOPMENT_TEAM = X9D2QV94XM;
				INFOPLIST_FILE = goldUITests/Info.plist;
				LD_RUNPATH_SEARCH_PATHS = (
					"$(inherited)",
					"@executable_path/Frameworks",
					"@loader_path/Frameworks",
				);
				PRODUCT_BUNDLE_IDENTIFIER = Hello.goldUITests;
				PRODUCT_NAME = "$(TARGET_NAME)";
				SWIFT_VERSION = 5.0;
				TARGETED_DEVICE_FAMILY = "1,2";
				TEST_TARGET_NAME = gold;
			};
			name = Release;
		};
/* End XCBuildConfiguration section */

/* Begin XCConfigurationList section */
		8410D39722E2FB7F00E2D737 /* Build configuration list for PBXProject "gold" */ = {
			isa = XCConfigurationList;
			buildConfigurations = (
				8410D3C222E2FB8000E2D737 /* Debug */,
				8410D3C322E2FB8000E2D737 /* Release */,
			);
			defaultConfigurationIsVisible = 0;
			defaultConfigurationName = Release;
		};
		8410D3C422E2FB8000E2D737 /* Build configuration list for PBXNativeTarget "gold" */ = {
			isa = XCConfigurationList;
			buildConfigurations = (
				8410D3C522E2FB8000E2D737 /* Debug */,
				8410D3C622E2FB8000E2D737 /* Release */,
			);
			defaultConfigurationIsVisible = 0;
			defaultConfigurationName = Release;
		};
		8410D3C722E2FB8000E2D737 /* Build configuration list for PBXNativeTarget "goldTests" */ = {
			isa = XCConfigurationList;
			buildConfigurations = (
				8410D3C822E2FB8000E2D737 /* Debug */,
				8410D3C922E2FB8000E2D737 /* Release */,
			);
			defaultConfigurationIsVisible = 0;
			defaultConfigurationName = Release;
		};
		8410D3CA22E2FB8000E2D737 /* Build configuration list for PBXNativeTarget "goldUITests" */ = {
			isa = XCConfigurationList;
			buildConfigurations = (
				8410D3CB22E2FB8000E2D737 /* Debug */,
				8410D3CC22E2FB8000E2D737 /* Release */,
			);
			defaultConfigurationIsVisible = 0;
			defaultConfigurationName = Release;
		};
/* End XCConfigurationList section */
	};
	rootObject = 8410D39422E2FB7F00E2D737 /* Project object */;
}
